{
	"name": "mulp",
	"version": "0.1.14",
	"lockfileVersion": 1,
	"requires": true,
	"dependencies": {
		"@types/node": {
			"version": "8.5.2",
			"resolved": "https://registry.npmjs.org/@types/node/-/node-8.5.2.tgz",
			"integrity": "sha512-KA4GKOpgXnrqEH2eCVhiv2CsxgXGQJgV1X0vsGlh+WCnxbeAE1GT44ZsTU1IN5dEeV/gDupKa7gWo08V5IxWVQ=="
		},
		"parse5": {
			"version": "3.0.3",
			"resolved": "https://registry.npmjs.org/parse5/-/parse5-3.0.3.tgz",
			"integrity": "sha512-rgO9Zg5LLLkfJF9E6CCmXlSE4UVceloys8JrFqCcHloC3usd/kJCyPDwH2SOlzix2j3xaP9sUX3e8+kvkuleAA==",
			"requires": {
				"@types/node": "8.5.2"
			}
		},
		"purge-from-html": {
			"version": "1.0.3",
			"resolved": "https://registry.npmjs.org/purge-from-html/-/purge-from-html-1.0.3.tgz",
			"integrity": "sha512-h6v4vX5aqSSldX8vS8y6a04oZzmmYbSdw5J8/u72f2gPvECWk080ZB1xL+kpFummVlztx/eDLAomIZ5Bq2gNfA==",
			"requires": {
				"parse5": "3.0.3"
			}
		}
	}
}
